PODS:
  - Alamofire (3.4.0)
  - KeychainAccess (2.3.5)
  - PureLayout (3.0.1)

DEPENDENCIES:
  - Alamofire
  - KeychainAccess
  - PureLayout

SPEC CHECKSUMS:
  Alamofire: c19a627cefd6a95f840401c49ab1f124e07f54ee
  KeychainAccess: e283c1981a6c5655e1984cd411c6faf16fa165ae
  PureLayout: f35f5384c9c4e4479df041dbe33ad7577b71ddfb

PODFILE CHECKSUM: 262aad8075775e3edde4b735a68e98accff92828

COCOAPODS: 1.0.1
