// !$*UTF8*$!
{
	archiveVersion = 1;
	classes = {
	};
	objectVersion = 46;
	objects = {

/* Begin PBXBuildFile section */
		94DA85CC1D373790004749C9 /* AppDelegate.swift in Sources */ = {isa = PBXBuildFile; fileRef = 94DA85CB1D373790004749C9 /* AppDelegate.swift */; };
		94DA85D11D373790004749C9 /* Main.storyboard in Resources */ = {isa = PBXBuildFile; fileRef = 94DA85CF1D373790004749C9 /* Main.storyboard */; };
		94DA85D31D373790004749C9 /* Assets.xcassets in Resources */ = {isa = PBXBuildFile; fileRef = 94DA85D21D373790004749C9 /* Assets.xcassets */; };
		94DA85D61D373790004749C9 /* LaunchScreen.storyboard in Resources */ = {isa = PBXBuildFile; fileRef = 94DA85D41D373790004749C9 /* LaunchScreen.storyboard */; };
		94DA85DE1D37410F004749C9 /* PostsViewController.swift in Sources */ = {isa = PBXBuildFile; fileRef = 94DA85DD1D37410F004749C9 /* PostsViewController.swift */; };
		94DA85E01D3747C7004749C9 /* Post.swift in Sources */ = {isa = PBXBuildFile; fileRef = 94DA85DF1D3747C7004749C9 /* Post.swift */; };
		94DA85E41D3747FC004749C9 /* User.swift in Sources */ = {isa = PBXBuildFile; fileRef = 94DA85E31D3747FC004749C9 /* User.swift */; };
		94DA85E61D374859004749C9 /* PostTableViewCell.swift in Sources */ = {isa = PBXBuildFile; fileRef = 94DA85E51D374859004749C9 /* PostTableViewCell.swift */; };
/* End PBXBuildFile section */

/* Begin PBXFileReference section */
		94DA85C81D373790004749C9 /* PokemonChat.app */ = {isa = PBXFileReference; explicitFileType = wrapper.application; includeInIndex = 0; path = PokemonChat.app; sourceTree = BUILT_PRODUCTS_DIR; };
		94DA85CB1D373790004749C9 /* AppDelegate.swift */ = {isa = PBXFileReference; lastKnownFileType = sourcecode.swift; path = AppDelegate.swift; sourceTree = "<group>"; };
		94DA85D01D373790004749C9 /* Base */ = {isa = PBXFileReference; lastKnownFileType = file.storyboard; name = Base; path = Base.lproj/Main.storyboard; sourceTree = "<group>"; };
		94DA85D21D373790004749C9 /* Assets.xcassets */ = {isa = PBXFileReference; lastKnownFileType = folder.assetcatalog; path = Assets.xcassets; sourceTree = "<group>"; };
		94DA85D51D373790004749C9 /* Base */ = {isa = PBXFileReference; lastKnownFileType = file.storyboard; name = Base; path = Base.lproj/LaunchScreen.storyboard; sourceTree = "<group>"; };
		94DA85D71D373790004749C9 /* Info.plist */ = {isa = PBXFileReference; lastKnownFileType = text.plist.xml; path = Info.plist; sourceTree = "<group>"; };
		94DA85DD1D37410F004749C9 /* PostsViewController.swift */ = {isa = PBXFileReference; fileEncoding = 4; lastKnownFileType = sourcecode.swift; path = PostsViewController.swift; sourceTree = "<group>"; };
		94DA85DF1D3747C7004749C9 /* Post.swift */ = {isa = PBXFileReference; fileEncoding = 4; lastKnownFileType = sourcecode.swift; path = Post.swift; sourceTree = "<group>"; };
		94DA85E31D3747FC004749C9 /* User.swift */ = {isa = PBXFileReference; fileEncoding = 4; lastKnownFileType = sourcecode.swift; path = User.swift; sourceTree = "<group>"; };
		94DA85E51D374859004749C9 /* PostTableViewCell.swift */ = {isa = PBXFileReference; fileEncoding = 4; lastKnownFileType = sourcecode.swift; path = PostTableViewCell.swift; sourceTree = "<group>"; };
/* End PBXFileReference section */

/* Begin PBXFrameworksBuildPhase section */
		94DA85C51D373790004749C9 /* Frameworks */ = {
			isa = PBXFrameworksBuildPhase;
			buildActionMask = 2147483647;
			files = (
			);
			runOnlyForDeploymentPostprocessing = 0;
		};
/* End PBXFrameworksBuildPhase section */

/* Begin PBXGroup section */
		94DA85BF1D373790004749C9 = {
			isa = PBXGroup;
			children = (
				94DA85CA1D373790004749C9 /* PokemonChat */,
				94DA85C91D373790004749C9 /* Products */,
			);
			sourceTree = "<group>";
		};
		94DA85C91D373790004749C9 /* Products */ = {
			isa = PBXGroup;
			children = (
				94DA85C81D373790004749C9 /* PokemonChat.app */,
			);
			name = Products;
			sourceTree = "<group>";
		};
		94DA85CA1D373790004749C9 /* PokemonChat */ = {
			isa = PBXGroup;
			children = (
				94DA85CB1D373790004749C9 /* AppDelegate.swift */,
				94DA85E11D3747CC004749C9 /* Interface */,
				94DA85E21D3747DC004749C9 /* Models */,
				94DA85D21D373790004749C9 /* Assets.xcassets */,
				94DA85D71D373790004749C9 /* Info.plist */,
			);
			path = PokemonChat;
			sourceTree = "<group>";
		};
		94DA85E11D3747CC004749C9 /* Interface */ = {
			isa = PBXGroup;
			children = (
				94DA85D41D373790004749C9 /* LaunchScreen.storyboard */,
				94DA85CF1D373790004749C9 /* Main.storyboard */,
				94DA85DD1D37410F004749C9 /* PostsViewController.swift */,
				94DA85E51D374859004749C9 /* PostTableViewCell.swift */,
			);
			name = Interface;
			sourceTree = "<group>";
		};
		94DA85E21D3747DC004749C9 /* Models */ = {
			isa = PBXGroup;
			children = (
				94DA85DF1D3747C7004749C9 /* Post.swift */,
				94DA85E31D3747FC004749C9 /* User.swift */,
			);
			name = Models;
			sourceTree = "<group>";
		};
/* End PBXGroup section */

/* Begin PBXNativeTarget section */
		94DA85C71D373790004749C9 /* PokemonChat */ = {
			isa = PBXNativeTarget;
			buildConfigurationList = 94DA85DA1D373790004749C9 /* Build configuration list for PBXNativeTarget "PokemonChat" */;
			buildPhases = (
				94DA85C41D373790004749C9 /* Sources */,
				94DA85C51D373790004749C9 /* Frameworks */,
				94DA85C61D373790004749C9 /* Resources */,
			);
			buildRules = (
			);
			dependencies = (
			);
			name = PokemonChat;
			productName = PokemonChat;
			productReference = 94DA85C81D373790004749C9 /* PokemonChat.app */;
			productType = "com.apple.product-type.application";
		};
/* End PBXNativeTarget section */

/* Begin PBXProject section */
		94DA85C01D373790004749C9 /* Project object */ = {
			isa = PBXProject;
			attributes = {
				LastSwiftUpdateCheck = 0730;
				LastUpgradeCheck = 0730;
				ORGANIZATIONNAME = PokemonGoTeamChat;
				TargetAttributes = {
					94DA85C71D373790004749C9 = {
						CreatedOnToolsVersion = 7.3;
					};
				};
			};
			buildConfigurationList = 94DA85C31D373790004749C9 /* Build configuration list for PBXProject "PokemonChat" */;
			compatibilityVersion = "Xcode 3.2";
			developmentRegion = English;
			hasScannedForEncodings = 0;
			knownRegions = (
				en,
				Base,
			);
			mainGroup = 94DA85BF1D373790004749C9;
			productRefGroup = 94DA85C91D373790004749C9 /* Products */;
			projectDirPath = "";
			projectRoot = "";
			targets = (
				94DA85C71D373790004749C9 /* PokemonChat */,
			);
		};
/* End PBXProject section */

/* Begin PBXResourcesBuildPhase section */
		94DA85C61D373790004749C9 /* Resources */ = {
			isa = PBXResourcesBuildPhase;
			buildActionMask = 2147483647;
			files = (
				94DA85D61D373790004749C9 /* LaunchScreen.storyboard in Resources */,
				94DA85D31D373790004749C9 /* Assets.xcassets in Resources */,
				94DA85D11D373790004749C9 /* Main.storyboard in Resources */,
			);
			runOnlyForDeploymentPostprocessing = 0;
		};
/* End PBXResourcesBuildPhase section */

/* Begin PBXSourcesBuildPhase section */
		94DA85C41D373790004749C9 /* Sources */ = {
			isa = PBXSourcesBuildPhase;
			buildActionMask = 2147483647;
			files = (
				94DA85E41D3747FC004749C9 /* User.swift in Sources */,
				94DA85E01D3747C7004749C9 /* Post.swift in Sources */,
				94DA85E61D374859004749C9 /* PostTableViewCell.swift in Sources */,
				94DA85DE1D37410F004749C9 /* PostsViewController.swift in Sources */,
				94DA85CC1D373790004749C9 /* AppDelegate.swift in Sources */,
			);
			runOnlyForDeploymentPostprocessing = 0;
		};
/* End PBXSourcesBuildPhase section */

/* Begin PBXVariantGroup section */
		94DA85CF1D373790004749C9 /* Main.storyboard */ = {
			isa = PBXVariantGroup;
			children = (
				94DA85D01D373790004749C9 /* Base */,
			);
			name = Main.storyboard;
			sourceTree = "<group>";
		};
		94DA85D41D373790004749C9 /* LaunchScreen.storyboard */ = {
			isa = PBXVariantGroup;
			children = (
				94DA85D51D373790004749C9 /* Base */,
			);
			name = LaunchScreen.storyboard;
			sourceTree = "<group>";
		};
/* End PBXVariantGroup section */

/* Begin XCBuildConfiguration section */
		94DA85D81D373790004749C9 /* Debug */ = {
			isa = XCBuildConfiguration;
			buildSettings = {
				ALWAYS_SEARCH_USER_PATHS = NO;
				CLANG_ANALYZER_NONNULL = YES;
				CLANG_CXX_LANGUAGE_STANDARD = "gnu++0x";
				CLANG_CXX_LIBRARY = "libc++";
				CLANG_ENABLE_MODULES = YES;
				CLANG_ENABLE_OBJC_ARC = YES;
				CLANG_WARN_BOOL_CONVERSION = YES;
				CLANG_WARN_CONSTANT_CONVERSION = YES;
				CLANG_WARN_DIRECT_OBJC_ISA_USAGE = YES_ERROR;
				CLANG_WARN_EMPTY_BODY = YES;
				CLANG_WARN_ENUM_CONVERSION = YES;
				CLANG_WARN_INT_CONVERSION = YES;
				CLANG_WARN_OBJC_ROOT_CLASS = YES_ERROR;
				CLANG_WARN_UNREACHABLE_CODE = YES;
				CLANG_WARN__DUPLICATE_METHOD_MATCH = YES;
				"CODE_SIGN_IDENTITY[sdk=iphoneos*]" = "iPhone Developer";
				COPY_PHASE_STRIP = NO;
				DEBUG_INFORMATION_FORMAT = dwarf;
				ENABLE_STRICT_OBJC_MSGSEND = YES;
				ENABLE_TESTABILITY = YES;
				GCC_C_LANGUAGE_STANDARD = gnu99;
				GCC_DYNAMIC_NO_PIC = NO;
				GCC_NO_COMMON_BLOCKS = YES;
				GCC_OPTIMIZATION_LEVEL = 0;
				GCC_PREPROCESSOR_DEFINITIONS = (
					"DEBUG=1",
					"$(inherited)",
				);
				GCC_WARN_64_TO_32_BIT_CONVERSION = YES;
				GCC_WARN_ABOUT_RETURN_TYPE = YES_ERROR;
				GCC_WARN_UNDECLARED_SELECTOR = YES;
				GCC_WARN_UNINITIALIZED_AUTOS = YES_AGGRESSIVE;
				GCC_WARN_UNUSED_FUNCTION = YES;
				GCC_WARN_UNUSED_VARIABLE = YES;
				IPHONEOS_DEPLOYMENT_TARGET = 9.3;
				MTL_ENABLE_DEBUG_INFO = YES;
				ONLY_ACTIVE_ARCH = YES;
				SDKROOT = iphoneos;
				SWIFT_OPTIMIZATION_LEVEL = "-Onone";
			};
			name = Debug;
		};
		94DA85D91D373790004749C9 /* Release */ = {
			isa = XCBuildConfiguration;
			buildSettings = {
				ALWAYS_SEARCH_USER_PATHS = NO;
				CLANG_ANALYZER_NONNULL = YES;
				CLANG_CXX_LANGUAGE_STANDARD = "gnu++0x";
				CLANG_CXX_LIBRARY = "libc++";
				CLANG_ENABLE_MODULES = YES;
				CLANG_ENABLE_OBJC_ARC = YES;
				CLANG_WARN_BOOL_CONVERSION = YES;
				CLANG_WARN_CONSTANT_CONVERSION = YES;
				CLANG_WARN_DIRECT_OBJC_ISA_USAGE = YES_ERROR;
				CLANG_WARN_EMPTY_BODY = YES;
				CLANG_WARN_ENUM_CONVERSION = YES;
				CLANG_WARN_INT_CONVERSION = YES;
				CLANG_WARN_OBJC_ROOT_CLASS = YES_ERROR;
				CLANG_WARN_UNREACHABLE_CODE = YES;
				CLANG_WARN__DUPLICATE_METHOD_MATCH = YES;
				"CODE_SIGN_IDENTITY[sdk=iphoneos*]" = "iPhone Developer";
				COPY_PHASE_STRIP = NO;
				DEBUG_INFORMATION_FORMAT = "dwarf-with-dsym";
				ENABLE_NS_ASSERTIONS = NO;
				ENABLE_STRICT_OBJC_MSGSEND = YES;
				GCC_C_LANGUAGE_STANDARD = gnu99;
				GCC_NO_COMMON_BLOCKS = YES;
				GCC_WARN_64_TO_32_BIT_CONVERSION = YES;
				GCC_WARN_ABOUT_RETURN_TYPE = YES_ERROR;
				GCC_WARN_UNDECLARED_SELECTOR = YES;
				GCC_WARN_UNINITIALIZED_AUTOS = YES_AGGRESSIVE;
				GCC_WARN_UNUSED_FUNCTION = YES;
				GCC_WARN_UNUSED_VARIABLE = YES;
				IPHONEOS_DEPLOYMENT_TARGET = 9.3;
				MTL_ENABLE_DEBUG_INFO = NO;
				SDKROOT = iphoneos;
				VALIDATE_PRODUCT = YES;
			};
			name = Release;
		};
		94DA85DB1D373790004749C9 /* Debug */ = {
			isa = XCBuildConfiguration;
			buildSettings = {
				ASSETCATALOG_COMPILER_APPICON_NAME = AppIcon;
				INFOPLIST_FILE = PokemonChat/Info.plist;
				LD_RUNPATH_SEARCH_PATHS = "$(inherited) @executable_path/Frameworks";
				PRODUCT_BUNDLE_IDENTIFIER = pokemongoteamchat.PokemonChat;
				PRODUCT_NAME = "$(TARGET_NAME)";
			};
			name = Debug;
		};
		94DA85DC1D373790004749C9 /* Release */ = {
			isa = XCBuildConfiguration;
			buildSettings = {
				ASSETCATALOG_COMPILER_APPICON_NAME = AppIcon;
				INFOPLIST_FILE = PokemonChat/Info.plist;
				LD_RUNPATH_SEARCH_PATHS = "$(inherited) @executable_path/Frameworks";
				PRODUCT_BUNDLE_IDENTIFIER = pokemongoteamchat.PokemonChat;
				PRODUCT_NAME = "$(TARGET_NAME)";
			};
			name = Release;
		};
/* End XCBuildConfiguration section */

/* Begin XCConfigurationList section */
		94DA85C31D373790004749C9 /* Build configuration list for PBXProject "PokemonChat" */ = {
			isa = XCConfigurationList;
			buildConfigurations = (
				94DA85D81D373790004749C9 /* Debug */,
				94DA85D91D373790004749C9 /* Release */,
			);
			defaultConfigurationIsVisible = 0;
			defaultConfigurationName = Release;
		};
		94DA85DA1D373790004749C9 /* Build configuration list for PBXNativeTarget "PokemonChat" */ = {
			isa = XCConfigurationList;
			buildConfigurations = (
				94DA85DB1D373790004749C9 /* Debug */,
				94DA85DC1D373790004749C9 /* Release */,
			);
			defaultConfigurationIsVisible = 0;
			defaultConfigurationName = Release;
		};
/* End XCConfigurationList section */
	};
	rootObject = 94DA85C01D373790004749C9 /* Project object */;
}
