// !$*UTF8*$!
{
	archiveVersion = 1;
	classes = {
	};
	objectVersion = 46;
	objects = {

/* Begin PBXBuildFile section */
		943916021D3806CB007EB9F5 /* Connector.swift in Sources */ = {isa = PBXBuildFile; fileRef = 943916011D3806CB007EB9F5 /* Connector.swift */; };
		94D175AA1D3807B000A4B2AA /* PostRouter.swift in Sources */ = {isa = PBXBuildFile; fileRef = 94D175A91D3807B000A4B2AA /* PostRouter.swift */; };
		94D175AC1D380A3400A4B2AA /* Team.swift in Sources */ = {isa = PBXBuildFile; fileRef = 94D175AB1D380A3400A4B2AA /* Team.swift */; };
		94D175AE1D380DC700A4B2AA /* Strings.swift in Sources */ = {isa = PBXBuildFile; fileRef = 94D175AD1D380DC700A4B2AA /* Strings.swift */; };
		94D175B11D380DDF00A4B2AA /* Dating.swift in Sources */ = {isa = PBXBuildFile; fileRef = 94D175B01D380DDF00A4B2AA /* Dating.swift */; };
		94D175B31D380DF400A4B2AA /* Shorthand.swift in Sources */ = {isa = PBXBuildFile; fileRef = 94D175B21D380DF400A4B2AA /* Shorthand.swift */; };
		94D175B61D383B6000A4B2AA /* TeamColors.swift in Sources */ = {isa = PBXBuildFile; fileRef = 94D175B51D383B6000A4B2AA /* TeamColors.swift */; };
		94D175BA1D383D8D00A4B2AA /* PostDetailViewController.swift in Sources */ = {isa = PBXBuildFile; fileRef = 94D175B91D383D8D00A4B2AA /* PostDetailViewController.swift */; };
		94DA85CC1D373790004749C9 /* AppDelegate.swift in Sources */ = {isa = PBXBuildFile; fileRef = 94DA85CB1D373790004749C9 /* AppDelegate.swift */; };
		94DA85D11D373790004749C9 /* Main.storyboard in Resources */ = {isa = PBXBuildFile; fileRef = 94DA85CF1D373790004749C9 /* Main.storyboard */; };
		94DA85D31D373790004749C9 /* Assets.xcassets in Resources */ = {isa = PBXBuildFile; fileRef = 94DA85D21D373790004749C9 /* Assets.xcassets */; };
		94DA85D61D373790004749C9 /* LaunchScreen.storyboard in Resources */ = {isa = PBXBuildFile; fileRef = 94DA85D41D373790004749C9 /* LaunchScreen.storyboard */; };
		94DA85DE1D37410F004749C9 /* PostsViewController.swift in Sources */ = {isa = PBXBuildFile; fileRef = 94DA85DD1D37410F004749C9 /* PostsViewController.swift */; };
		94DA85E01D3747C7004749C9 /* Post.swift in Sources */ = {isa = PBXBuildFile; fileRef = 94DA85DF1D3747C7004749C9 /* Post.swift */; };
		94DA85E41D3747FC004749C9 /* User.swift in Sources */ = {isa = PBXBuildFile; fileRef = 94DA85E31D3747FC004749C9 /* User.swift */; };
		94DA85E61D374859004749C9 /* PostTableViewCell.swift in Sources */ = {isa = PBXBuildFile; fileRef = 94DA85E51D374859004749C9 /* PostTableViewCell.swift */; };
		C9151FFDA1F7FDF4103C49C3 /* Pods_PokemonChat.framework in Frameworks */ = {isa = PBXBuildFile; fileRef = 65C25202464090AAEDA74F8E /* Pods_PokemonChat.framework */; };
/* End PBXBuildFile section */

/* Begin PBXFileReference section */
		464FF52B7D2FAA132D775ED1 /* Pods-PokemonChat.debug.xcconfig */ = {isa = PBXFileReference; includeInIndex = 1; lastKnownFileType = text.xcconfig; name = "Pods-PokemonChat.debug.xcconfig"; path = "Pods/Target Support Files/Pods-PokemonChat/Pods-PokemonChat.debug.xcconfig"; sourceTree = "<group>"; };
		65C25202464090AAEDA74F8E /* Pods_PokemonChat.framework */ = {isa = PBXFileReference; explicitFileType = wrapper.framework; includeInIndex = 0; path = Pods_PokemonChat.framework; sourceTree = BUILT_PRODUCTS_DIR; };
		6F72723FB5F361908FF92556 /* Pods-PokemonChat.release.xcconfig */ = {isa = PBXFileReference; includeInIndex = 1; lastKnownFileType = text.xcconfig; name = "Pods-PokemonChat.release.xcconfig"; path = "Pods/Target Support Files/Pods-PokemonChat/Pods-PokemonChat.release.xcconfig"; sourceTree = "<group>"; };
		943916011D3806CB007EB9F5 /* Connector.swift */ = {isa = PBXFileReference; fileEncoding = 4; lastKnownFileType = sourcecode.swift; path = Connector.swift; sourceTree = "<group>"; };
		94D175A91D3807B000A4B2AA /* PostRouter.swift */ = {isa = PBXFileReference; fileEncoding = 4; lastKnownFileType = sourcecode.swift; path = PostRouter.swift; sourceTree = "<group>"; };
		94D175AB1D380A3400A4B2AA /* Team.swift */ = {isa = PBXFileReference; fileEncoding = 4; lastKnownFileType = sourcecode.swift; path = Team.swift; sourceTree = "<group>"; };
		94D175AD1D380DC700A4B2AA /* Strings.swift */ = {isa = PBXFileReference; fileEncoding = 4; lastKnownFileType = sourcecode.swift; path = Strings.swift; sourceTree = "<group>"; };
		94D175B01D380DDF00A4B2AA /* Dating.swift */ = {isa = PBXFileReference; fileEncoding = 4; lastKnownFileType = sourcecode.swift; path = Dating.swift; sourceTree = "<group>"; };
		94D175B21D380DF400A4B2AA /* Shorthand.swift */ = {isa = PBXFileReference; fileEncoding = 4; lastKnownFileType = sourcecode.swift; path = Shorthand.swift; sourceTree = "<group>"; };
		94D175B51D383B6000A4B2AA /* TeamColors.swift */ = {isa = PBXFileReference; fileEncoding = 4; lastKnownFileType = sourcecode.swift; path = TeamColors.swift; sourceTree = "<group>"; };
		94D175B91D383D8D00A4B2AA /* PostDetailViewController.swift */ = {isa = PBXFileReference; fileEncoding = 4; lastKnownFileType = sourcecode.swift; path = PostDetailViewController.swift; sourceTree = "<group>"; };
		94DA85C81D373790004749C9 /* PokemonChat.app */ = {isa = PBXFileReference; explicitFileType = wrapper.application; includeInIndex = 0; path = PokemonChat.app; sourceTree = BUILT_PRODUCTS_DIR; };
		94DA85CB1D373790004749C9 /* AppDelegate.swift */ = {isa = PBXFileReference; lastKnownFileType = sourcecode.swift; path = AppDelegate.swift; sourceTree = "<group>"; };
		94DA85D01D373790004749C9 /* Base */ = {isa = PBXFileReference; lastKnownFileType = file.storyboard; name = Base; path = Base.lproj/Main.storyboard; sourceTree = "<group>"; };
		94DA85D21D373790004749C9 /* Assets.xcassets */ = {isa = PBXFileReference; lastKnownFileType = folder.assetcatalog; path = Assets.xcassets; sourceTree = "<group>"; };
		94DA85D51D373790004749C9 /* Base */ = {isa = PBXFileReference; lastKnownFileType = file.storyboard; name = Base; path = Base.lproj/LaunchScreen.storyboard; sourceTree = "<group>"; };
		94DA85D71D373790004749C9 /* Info.plist */ = {isa = PBXFileReference; lastKnownFileType = text.plist.xml; path = Info.plist; sourceTree = "<group>"; };
		94DA85DD1D37410F004749C9 /* PostsViewController.swift */ = {isa = PBXFileReference; fileEncoding = 4; lastKnownFileType = sourcecode.swift; path = PostsViewController.swift; sourceTree = "<group>"; };
		94DA85DF1D3747C7004749C9 /* Post.swift */ = {isa = PBXFileReference; fileEncoding = 4; lastKnownFileType = sourcecode.swift; path = Post.swift; sourceTree = "<group>"; };
		94DA85E31D3747FC004749C9 /* User.swift */ = {isa = PBXFileReference; fileEncoding = 4; lastKnownFileType = sourcecode.swift; path = User.swift; sourceTree = "<group>"; };
		94DA85E51D374859004749C9 /* PostTableViewCell.swift */ = {isa = PBXFileReference; fileEncoding = 4; lastKnownFileType = sourcecode.swift; path = PostTableViewCell.swift; sourceTree = "<group>"; };
/* End PBXFileReference section */

/* Begin PBXFrameworksBuildPhase section */
		94DA85C51D373790004749C9 /* Frameworks */ = {
			isa = PBXFrameworksBuildPhase;
			buildActionMask = 2147483647;
			files = (
				C9151FFDA1F7FDF4103C49C3 /* Pods_PokemonChat.framework in Frameworks */,
			);
			runOnlyForDeploymentPostprocessing = 0;
		};
/* End PBXFrameworksBuildPhase section */

/* Begin PBXGroup section */
		7743DFCA9B4B19A76AE481AB /* Frameworks */ = {
			isa = PBXGroup;
			children = (
				65C25202464090AAEDA74F8E /* Pods_PokemonChat.framework */,
			);
			name = Frameworks;
			sourceTree = "<group>";
		};
		8089E516551B3E051A042E57 /* Pods */ = {
			isa = PBXGroup;
			children = (
				464FF52B7D2FAA132D775ED1 /* Pods-PokemonChat.debug.xcconfig */,
				6F72723FB5F361908FF92556 /* Pods-PokemonChat.release.xcconfig */,
			);
			name = Pods;
			sourceTree = "<group>";
		};
		943915FF1D38068D007EB9F5 /* Utilities */ = {
			isa = PBXGroup;
			children = (
				94D175B41D383B3300A4B2AA /* Colors */,
				943916001D3806A3007EB9F5 /* Networking */,
				94D175AF1D380DCC00A4B2AA /* Extensions */,
			);
			name = Utilities;
			sourceTree = "<group>";
		};
		943916001D3806A3007EB9F5 /* Networking */ = {
			isa = PBXGroup;
			children = (
				943916011D3806CB007EB9F5 /* Connector.swift */,
				94D175A91D3807B000A4B2AA /* PostRouter.swift */,
			);
			name = Networking;
			sourceTree = "<group>";
		};
		94D175AF1D380DCC00A4B2AA /* Extensions */ = {
			isa = PBXGroup;
			children = (
				94D175B21D380DF400A4B2AA /* Shorthand.swift */,
				94D175AD1D380DC700A4B2AA /* Strings.swift */,
				94D175B01D380DDF00A4B2AA /* Dating.swift */,
			);
			name = Extensions;
			sourceTree = "<group>";
		};
		94D175B41D383B3300A4B2AA /* Colors */ = {
			isa = PBXGroup;
			children = (
				94D175B51D383B6000A4B2AA /* TeamColors.swift */,
			);
			name = Colors;
			sourceTree = "<group>";
		};
		94D175B71D383D6700A4B2AA /* Post List */ = {
			isa = PBXGroup;
			children = (
				94DA85DD1D37410F004749C9 /* PostsViewController.swift */,
				94DA85E51D374859004749C9 /* PostTableViewCell.swift */,
			);
			name = "Post List";
			sourceTree = "<group>";
		};
		94D175B81D383D7900A4B2AA /* Post Detail */ = {
			isa = PBXGroup;
			children = (
				94D175B91D383D8D00A4B2AA /* PostDetailViewController.swift */,
			);
			name = "Post Detail";
			sourceTree = "<group>";
		};
		94DA85BF1D373790004749C9 = {
			isa = PBXGroup;
			children = (
				94DA85CA1D373790004749C9 /* PokemonChat */,
				94DA85C91D373790004749C9 /* Products */,
				8089E516551B3E051A042E57 /* Pods */,
				7743DFCA9B4B19A76AE481AB /* Frameworks */,
			);
			sourceTree = "<group>";
		};
		94DA85C91D373790004749C9 /* Products */ = {
			isa = PBXGroup;
			children = (
				94DA85C81D373790004749C9 /* PokemonChat.app */,
			);
			name = Products;
			sourceTree = "<group>";
		};
		94DA85CA1D373790004749C9 /* PokemonChat */ = {
			isa = PBXGroup;
			children = (
				94DA85CB1D373790004749C9 /* AppDelegate.swift */,
				94DA85E11D3747CC004749C9 /* Interface */,
				94DA85E21D3747DC004749C9 /* Models */,
				943915FF1D38068D007EB9F5 /* Utilities */,
				94DA85D21D373790004749C9 /* Assets.xcassets */,
				94DA85D71D373790004749C9 /* Info.plist */,
			);
			path = PokemonChat;
			sourceTree = "<group>";
		};
		94DA85E11D3747CC004749C9 /* Interface */ = {
			isa = PBXGroup;
			children = (
				94DA85D41D373790004749C9 /* LaunchScreen.storyboard */,
				94DA85CF1D373790004749C9 /* Main.storyboard */,
				94D175B71D383D6700A4B2AA /* Post List */,
				94D175B81D383D7900A4B2AA /* Post Detail */,
			);
			name = Interface;
			sourceTree = "<group>";
		};
		94DA85E21D3747DC004749C9 /* Models */ = {
			isa = PBXGroup;
			children = (
				94DA85DF1D3747C7004749C9 /* Post.swift */,
				94DA85E31D3747FC004749C9 /* User.swift */,
				94D175AB1D380A3400A4B2AA /* Team.swift */,
			);
			name = Models;
			sourceTree = "<group>";
		};
/* End PBXGroup section */

/* Begin PBXNativeTarget section */
		94DA85C71D373790004749C9 /* PokemonChat */ = {
			isa = PBXNativeTarget;
			buildConfigurationList = 94DA85DA1D373790004749C9 /* Build configuration list for PBXNativeTarget "PokemonChat" */;
			buildPhases = (
				2C81DE2F8EEA7C867A4A3C81 /* [CP] Check Pods Manifest.lock */,
				94DA85C41D373790004749C9 /* Sources */,
				94DA85C51D373790004749C9 /* Frameworks */,
				94DA85C61D373790004749C9 /* Resources */,
				69805089A615F98D9E7082F3 /* [CP] Embed Pods Frameworks */,
				FF11671FFDB2667550E9108A /* [CP] Copy Pods Resources */,
			);
			buildRules = (
			);
			dependencies = (
			);
			name = PokemonChat;
			productName = PokemonChat;
			productReference = 94DA85C81D373790004749C9 /* PokemonChat.app */;
			productType = "com.apple.product-type.application";
		};
/* End PBXNativeTarget section */

/* Begin PBXProject section */
		94DA85C01D373790004749C9 /* Project object */ = {
			isa = PBXProject;
			attributes = {
				LastSwiftUpdateCheck = 0730;
				LastUpgradeCheck = 0730;
				ORGANIZATIONNAME = PokemonGoTeamChat;
				TargetAttributes = {
					94DA85C71D373790004749C9 = {
						CreatedOnToolsVersion = 7.3;
					};
				};
			};
			buildConfigurationList = 94DA85C31D373790004749C9 /* Build configuration list for PBXProject "PokemonChat" */;
			compatibilityVersion = "Xcode 3.2";
			developmentRegion = English;
			hasScannedForEncodings = 0;
			knownRegions = (
				en,
				Base,
			);
			mainGroup = 94DA85BF1D373790004749C9;
			productRefGroup = 94DA85C91D373790004749C9 /* Products */;
			projectDirPath = "";
			projectRoot = "";
			targets = (
				94DA85C71D373790004749C9 /* PokemonChat */,
			);
		};
/* End PBXProject section */

/* Begin PBXResourcesBuildPhase section */
		94DA85C61D373790004749C9 /* Resources */ = {
			isa = PBXResourcesBuildPhase;
			buildActionMask = 2147483647;
			files = (
				94DA85D61D373790004749C9 /* LaunchScreen.storyboard in Resources */,
				94DA85D31D373790004749C9 /* Assets.xcassets in Resources */,
				94DA85D11D373790004749C9 /* Main.storyboard in Resources */,
			);
			runOnlyForDeploymentPostprocessing = 0;
		};
/* End PBXResourcesBuildPhase section */

/* Begin PBXShellScriptBuildPhase section */
		2C81DE2F8EEA7C867A4A3C81 /* [CP] Check Pods Manifest.lock */ = {
			isa = PBXShellScriptBuildPhase;
			buildActionMask = 2147483647;
			files = (
			);
			inputPaths = (
			);
			name = "[CP] Check Pods Manifest.lock";
			outputPaths = (
			);
			runOnlyForDeploymentPostprocessing = 0;
			shellPath = /bin/sh;
			shellScript = "diff \"${PODS_ROOT}/../Podfile.lock\" \"${PODS_ROOT}/Manifest.lock\" > /dev/null\nif [[ $? != 0 ]] ; then\n    cat << EOM\nerror: The sandbox is not in sync with the Podfile.lock. Run 'pod install' or update your CocoaPods installation.\nEOM\n    exit 1\nfi\n";
			showEnvVarsInLog = 0;
		};
		69805089A615F98D9E7082F3 /* [CP] Embed Pods Frameworks */ = {
			isa = PBXShellScriptBuildPhase;
			buildActionMask = 2147483647;
			files = (
			);
			inputPaths = (
			);
			name = "[CP] Embed Pods Frameworks";
			outputPaths = (
			);
			runOnlyForDeploymentPostprocessing = 0;
			shellPath = /bin/sh;
			shellScript = "\"${SRCROOT}/Pods/Target Support Files/Pods-PokemonChat/Pods-PokemonChat-frameworks.sh\"\n";
			showEnvVarsInLog = 0;
		};
		FF11671FFDB2667550E9108A /* [CP] Copy Pods Resources */ = {
			isa = PBXShellScriptBuildPhase;
			buildActionMask = 2147483647;
			files = (
			);
			inputPaths = (
			);
			name = "[CP] Copy Pods Resources";
			outputPaths = (
			);
			runOnlyForDeploymentPostprocessing = 0;
			shellPath = /bin/sh;
			shellScript = "\"${SRCROOT}/Pods/Target Support Files/Pods-PokemonChat/Pods-PokemonChat-resources.sh\"\n";
			showEnvVarsInLog = 0;
		};
/* End PBXShellScriptBuildPhase section */

/* Begin PBXSourcesBuildPhase section */
		94DA85C41D373790004749C9 /* Sources */ = {
			isa = PBXSourcesBuildPhase;
			buildActionMask = 2147483647;
			files = (
				94D175B61D383B6000A4B2AA /* TeamColors.swift in Sources */,
				94DA85E41D3747FC004749C9 /* User.swift in Sources */,
				94D175B31D380DF400A4B2AA /* Shorthand.swift in Sources */,
				94D175AE1D380DC700A4B2AA /* Strings.swift in Sources */,
				94D175BA1D383D8D00A4B2AA /* PostDetailViewController.swift in Sources */,
				94DA85E01D3747C7004749C9 /* Post.swift in Sources */,
				94DA85E61D374859004749C9 /* PostTableViewCell.swift in Sources */,
				94D175AA1D3807B000A4B2AA /* PostRouter.swift in Sources */,
				94D175AC1D380A3400A4B2AA /* Team.swift in Sources */,
				94D175B11D380DDF00A4B2AA /* Dating.swift in Sources */,
				943916021D3806CB007EB9F5 /* Connector.swift in Sources */,
				94DA85DE1D37410F004749C9 /* PostsViewController.swift in Sources */,
				94DA85CC1D373790004749C9 /* AppDelegate.swift in Sources */,
			);
			runOnlyForDeploymentPostprocessing = 0;
		};
/* End PBXSourcesBuildPhase section */

/* Begin PBXVariantGroup section */
		94DA85CF1D373790004749C9 /* Main.storyboard */ = {
			isa = PBXVariantGroup;
			children = (
				94DA85D01D373790004749C9 /* Base */,
			);
			name = Main.storyboard;
			sourceTree = "<group>";
		};
		94DA85D41D373790004749C9 /* LaunchScreen.storyboard */ = {
			isa = PBXVariantGroup;
			children = (
				94DA85D51D373790004749C9 /* Base */,
			);
			name = LaunchScreen.storyboard;
			sourceTree = "<group>";
		};
/* End PBXVariantGroup section */

/* Begin XCBuildConfiguration section */
		94DA85D81D373790004749C9 /* Debug */ = {
			isa = XCBuildConfiguration;
			buildSettings = {
				ALWAYS_SEARCH_USER_PATHS = NO;
				CLANG_ANALYZER_NONNULL = YES;
				CLANG_CXX_LANGUAGE_STANDARD = "gnu++0x";
				CLANG_CXX_LIBRARY = "libc++";
				CLANG_ENABLE_MODULES = YES;
				CLANG_ENABLE_OBJC_ARC = YES;
				CLANG_WARN_BOOL_CONVERSION = YES;
				CLANG_WARN_CONSTANT_CONVERSION = YES;
				CLANG_WARN_DIRECT_OBJC_ISA_USAGE = YES_ERROR;
				CLANG_WARN_EMPTY_BODY = YES;
				CLANG_WARN_ENUM_CONVERSION = YES;
				CLANG_WARN_INT_CONVERSION = YES;
				CLANG_WARN_OBJC_ROOT_CLASS = YES_ERROR;
				CLANG_WARN_UNREACHABLE_CODE = YES;
				CLANG_WARN__DUPLICATE_METHOD_MATCH = YES;
				"CODE_SIGN_IDENTITY[sdk=iphoneos*]" = "iPhone Developer";
				COPY_PHASE_STRIP = NO;
				DEBUG_INFORMATION_FORMAT = dwarf;
				ENABLE_STRICT_OBJC_MSGSEND = YES;
				ENABLE_TESTABILITY = YES;
				GCC_C_LANGUAGE_STANDARD = gnu99;
				GCC_DYNAMIC_NO_PIC = NO;
				GCC_NO_COMMON_BLOCKS = YES;
				GCC_OPTIMIZATION_LEVEL = 0;
				GCC_PREPROCESSOR_DEFINITIONS = (
					"DEBUG=1",
					"$(inherited)",
				);
				GCC_WARN_64_TO_32_BIT_CONVERSION = YES;
				GCC_WARN_ABOUT_RETURN_TYPE = YES_ERROR;
				GCC_WARN_UNDECLARED_SELECTOR = YES;
				GCC_WARN_UNINITIALIZED_AUTOS = YES_AGGRESSIVE;
				GCC_WARN_UNUSED_FUNCTION = YES;
				GCC_WARN_UNUSED_VARIABLE = YES;
				IPHONEOS_DEPLOYMENT_TARGET = 9.3;
				MTL_ENABLE_DEBUG_INFO = YES;
				ONLY_ACTIVE_ARCH = YES;
				SDKROOT = iphoneos;
				SWIFT_OPTIMIZATION_LEVEL = "-Onone";
			};
			name = Debug;
		};
		94DA85D91D373790004749C9 /* Release */ = {
			isa = XCBuildConfiguration;
			buildSettings = {
				ALWAYS_SEARCH_USER_PATHS = NO;
				CLANG_ANALYZER_NONNULL = YES;
				CLANG_CXX_LANGUAGE_STANDARD = "gnu++0x";
				CLANG_CXX_LIBRARY = "libc++";
				CLANG_ENABLE_MODULES = YES;
				CLANG_ENABLE_OBJC_ARC = YES;
				CLANG_WARN_BOOL_CONVERSION = YES;
				CLANG_WARN_CONSTANT_CONVERSION = YES;
				CLANG_WARN_DIRECT_OBJC_ISA_USAGE = YES_ERROR;
				CLANG_WARN_EMPTY_BODY = YES;
				CLANG_WARN_ENUM_CONVERSION = YES;
				CLANG_WARN_INT_CONVERSION = YES;
				CLANG_WARN_OBJC_ROOT_CLASS = YES_ERROR;
				CLANG_WARN_UNREACHABLE_CODE = YES;
				CLANG_WARN__DUPLICATE_METHOD_MATCH = YES;
				"CODE_SIGN_IDENTITY[sdk=iphoneos*]" = "iPhone Developer";
				COPY_PHASE_STRIP = NO;
				DEBUG_INFORMATION_FORMAT = "dwarf-with-dsym";
				ENABLE_NS_ASSERTIONS = NO;
				ENABLE_STRICT_OBJC_MSGSEND = YES;
				GCC_C_LANGUAGE_STANDARD = gnu99;
				GCC_NO_COMMON_BLOCKS = YES;
				GCC_WARN_64_TO_32_BIT_CONVERSION = YES;
				GCC_WARN_ABOUT_RETURN_TYPE = YES_ERROR;
				GCC_WARN_UNDECLARED_SELECTOR = YES;
				GCC_WARN_UNINITIALIZED_AUTOS = YES_AGGRESSIVE;
				GCC_WARN_UNUSED_FUNCTION = YES;
				GCC_WARN_UNUSED_VARIABLE = YES;
				IPHONEOS_DEPLOYMENT_TARGET = 9.3;
				MTL_ENABLE_DEBUG_INFO = NO;
				SDKROOT = iphoneos;
				VALIDATE_PRODUCT = YES;
			};
			name = Release;
		};
		94DA85DB1D373790004749C9 /* Debug */ = {
			isa = XCBuildConfiguration;
			baseConfigurationReference = 464FF52B7D2FAA132D775ED1 /* Pods-PokemonChat.debug.xcconfig */;
			buildSettings = {
				ASSETCATALOG_COMPILER_APPICON_NAME = AppIcon;
				INFOPLIST_FILE = PokemonChat/Info.plist;
				LD_RUNPATH_SEARCH_PATHS = "$(inherited) @executable_path/Frameworks";
				PRODUCT_BUNDLE_IDENTIFIER = pokemongoteamchat.PokemonChat;
				PRODUCT_NAME = "$(TARGET_NAME)";
			};
			name = Debug;
		};
		94DA85DC1D373790004749C9 /* Release */ = {
			isa = XCBuildConfiguration;
			baseConfigurationReference = 6F72723FB5F361908FF92556 /* Pods-PokemonChat.release.xcconfig */;
			buildSettings = {
				ASSETCATALOG_COMPILER_APPICON_NAME = AppIcon;
				INFOPLIST_FILE = PokemonChat/Info.plist;
				LD_RUNPATH_SEARCH_PATHS = "$(inherited) @executable_path/Frameworks";
				PRODUCT_BUNDLE_IDENTIFIER = pokemongoteamchat.PokemonChat;
				PRODUCT_NAME = "$(TARGET_NAME)";
			};
			name = Release;
		};
/* End XCBuildConfiguration section */

/* Begin XCConfigurationList section */
		94DA85C31D373790004749C9 /* Build configuration list for PBXProject "PokemonChat" */ = {
			isa = XCConfigurationList;
			buildConfigurations = (
				94DA85D81D373790004749C9 /* Debug */,
				94DA85D91D373790004749C9 /* Release */,
			);
			defaultConfigurationIsVisible = 0;
			defaultConfigurationName = Release;
		};
		94DA85DA1D373790004749C9 /* Build configuration list for PBXNativeTarget "PokemonChat" */ = {
			isa = XCConfigurationList;
			buildConfigurations = (
				94DA85DB1D373790004749C9 /* Debug */,
				94DA85DC1D373790004749C9 /* Release */,
			);
			defaultConfigurationIsVisible = 0;
			defaultConfigurationName = Release;
		};
/* End XCConfigurationList section */
	};
	rootObject = 94DA85C01D373790004749C9 /* Project object */;
}
